
Microsoft Visual Studio Solution File, Format Version 12.00
# Visual Studio Version 17
VisualStudioVersion = 17.2.32630.192
MinimumVisualStudioVersion = 10.0.40219.1
Project("{9A19103F-16F7-4668-BE54-9A1E7A4F7556}") = "Pomodoro", "Pomodoro\Pomodoro.csproj", "{50A84B17-51CC-4003-AF95-BE96BAC5DF5D}"
EndProject
Project("{9A19103F-16F7-4668-BE54-9A1E7A4F7556}") = "Pomodoro.Core", "Pomodoro.Core\Pomodoro.Core.csproj", "{D75AD728-3062-4E55-8CE4-860D3EFAB7F5}"
EndProject
Global
	GlobalSection(SolutionConfigurationPlatforms) = preSolution
		Debug|Any CPU = Debug|Any CPU
		Release|Any CPU = Release|Any CPU
	EndGlobalSection
	GlobalSection(ProjectConfigurationPlatforms) = postSolution
		{50A84B17-51CC-4003-AF95-BE96BAC5DF5D}.Debug|Any CPU.ActiveCfg = Debug|Any CPU
		{50A84B17-51CC-4003-AF95-BE96BAC5DF5D}.Debug|Any CPU.Build.0 = Debug|Any CPU
		{50A84B17-51CC-4003-AF95-BE96BAC5DF5D}.Release|Any CPU.ActiveCfg = Release|Any CPU
		{50A84B17-51CC-4003-AF95-BE96BAC5DF5D}.Release|Any CPU.Build.0 = Release|Any CPU
		{D75AD728-3062-4E55-8CE4-860D3EFAB7F5}.Debug|Any CPU.ActiveCfg = Debug|Any CPU
		{D75AD728-3062-4E55-8CE4-860D3EFAB7F5}.Debug|Any CPU.Build.0 = Debug|Any CPU
		{D75AD728-3062-4E55-8CE4-860D3EFAB7F5}.Release|Any CPU.ActiveCfg = Release|Any CPU
		{D75AD728-3062-4E55-8CE4-860D3EFAB7F5}.Release|Any CPU.Build.0 = Release|Any CPU
	EndGlobalSection
	GlobalSection(SolutionProperties) = preSolution
		HideSolutionNode = FALSE
	EndGlobalSection
	GlobalSection(ExtensibilityGlobals) = postSolution
		SolutionGuid = {4E70D69A-EF1E-4215-9C29-DE238C8E3D18}
	EndGlobalSection
EndGlobal
